
Microsoft Visual Studio Solution File, Format Version 12.00
# Visual Studio 14
VisualStudioVersion = 14.0.23107.0
MinimumVisualStudioVersion = 10.0.40219.1
Project("{8BC9CEB8-8B4A-11D0-8D11-00A0C91BC942}") = "FactoryMethod", "src\FactoryMethod\FactoryMethod.vcxproj", "{E61A80D4-7483-4291-A3B4-791FEBF478A3}"
EndProject
Project("{8BC9CEB8-8B4A-11D0-8D11-00A0C91BC942}") = "AbstractFactory", "src\AbstractFactory\AbstractFactory.vcxproj", "{CE65AFE0-DBE7-4009-9847-4F73366E199F}"
EndProject
Project("{2150E333-8FDC-42A3-9474-1A3956D46DE8}") = "Creation", "Creation", "{70C179DA-DC02-4A0F-881B-87D7FDC0083A}"
EndProject
Project("{2150E333-8FDC-42A3-9474-1A3956D46DE8}") = "Structure", "Structure", "{FCB15D23-F423-46BB-95EF-25D11DE2D75C}"
EndProject
Project("{2150E333-8FDC-42A3-9474-1A3956D46DE8}") = "Behavior", "Behavior", "{5C68E1E4-3C36-4DDE-87FD-568D915700BC}"
EndProject
Project("{2150E333-8FDC-42A3-9474-1A3956D46DE8}") = "Concureency", "Concureency", "{534C08DF-7142-4AD5-8857-AC2FA57D6634}"
EndProject
Project("{8BC9CEB8-8B4A-11D0-8D11-00A0C91BC942}") = "Builder", "src\Builder\Builder.vcxproj", "{4053EFF4-D888-4F97-84EE-CA3A64893C57}"
EndProject
Project("{8BC9CEB8-8B4A-11D0-8D11-00A0C91BC942}") = "Prototype", "src\Prototype\Prototype.vcxproj", "{8485811C-18AB-4958-AD06-6E89399102B4}"
EndProject
Project("{8BC9CEB8-8B4A-11D0-8D11-00A0C91BC942}") = "Singleton", "src\Singleton\Singleton.vcxproj", "{7976EF80-884C-4EE9-9901-B3B16C7EF34B}"
EndProject
Project("{8BC9CEB8-8B4A-11D0-8D11-00A0C91BC942}") = "Bridge", "src\Bridge\Bridge.vcxproj", "{C0BB8A22-B2C5-4821-BDF6-0A168921F671}"
EndProject
Project("{8BC9CEB8-8B4A-11D0-8D11-00A0C91BC942}") = "Adapter", "src\Adapter\Adapter.vcxproj", "{CB645C63-C43F-46AE-822A-61AF6074F60B}"
EndProject
Project("{8BC9CEB8-8B4A-11D0-8D11-00A0C91BC942}") = "Decorator", "src\Decorator\Decorator.vcxproj", "{6529A793-AF3F-4B4E-A604-0DCA1ACB48AF}"
EndProject
Project("{8BC9CEB8-8B4A-11D0-8D11-00A0C91BC942}") = "Composite", "src\Composite\Composite.vcxproj", "{BE63CB65-F374-45A5-9A82-91C41E34D64D}"
EndProject
Project("{8BC9CEB8-8B4A-11D0-8D11-00A0C91BC942}") = "Flyweight", "src\Flyweight\Flyweight.vcxproj", "{38B18DB0-AE72-424D-A42E-11F255663A86}"
EndProject
Project("{8BC9CEB8-8B4A-11D0-8D11-00A0C91BC942}") = "Facade", "src\Facade\Facade.vcxproj", "{C1BFED27-F784-48DE-9507-FE18F69EB2DB}"
EndProject
Project("{8BC9CEB8-8B4A-11D0-8D11-00A0C91BC942}") = "Proxy", "src\Proxy\Proxy.vcxproj", "{CF64E680-A1AE-4ECC-9E4C-3BA4883E82BB}"
EndProject
Project("{8BC9CEB8-8B4A-11D0-8D11-00A0C91BC942}") = "Template", "src\Template\Template.vcxproj", "{26E1A1F9-74CD-4CD0-B89E-D153A8BD5BEE}"
EndProject
Project("{8BC9CEB8-8B4A-11D0-8D11-00A0C91BC942}") = "Strategy", "src\Strategy\Strategy.vcxproj", "{51F52C89-A7E5-436A-87BB-D22C6B6DC22D}"
EndProject
Project("{8BC9CEB8-8B4A-11D0-8D11-00A0C91BC942}") = "State", "src\State\State.vcxproj", "{C89B3ACD-8350-4E50-88B3-CCE27EF5A4D3}"
EndProject
Project("{8BC9CEB8-8B4A-11D0-8D11-00A0C91BC942}") = "Observer", "src\Observer\Observer.vcxproj", "{B5314E94-5930-45D8-A523-C8914D08678F}"
EndProject
Project("{8BC9CEB8-8B4A-11D0-8D11-00A0C91BC942}") = "Memento", "src\Memento\Memento.vcxproj", "{DDC7BBDB-019E-458D-A54D-E4FDE1BE340E}"
EndProject
Project("{8BC9CEB8-8B4A-11D0-8D11-00A0C91BC942}") = "Mediator", "src\Mediator\Mediator.vcxproj", "{266FDCD1-D3AB-46A8-B4B0-590FA0774FC3}"
EndProject
Project("{8BC9CEB8-8B4A-11D0-8D11-00A0C91BC942}") = "Command", "src\Command\Command.vcxproj", "{D8BD397D-AC3B-4E7C-A4B0-E76FB31F7E6B}"
EndProject
Project("{8BC9CEB8-8B4A-11D0-8D11-00A0C91BC942}") = "Visitor", "src\Visitor\Visitor.vcxproj", "{FE89DA28-F613-437C-8E18-D5E116262D25}"
EndProject
Project("{8BC9CEB8-8B4A-11D0-8D11-00A0C91BC942}") = "Iterator", "src\Iterator\Iterator.vcxproj", "{43404D27-6375-4A3B-935E-BB6EFEF6E836}"
EndProject
Project("{8BC9CEB8-8B4A-11D0-8D11-00A0C91BC942}") = "Interpreter", "src\Interpreter\Interpreter.vcxproj", "{A1AD8183-C510-4C7F-8017-DE310D3C1CBB}"
EndProject
Project("{8BC9CEB8-8B4A-11D0-8D11-00A0C91BC942}") = "Chain-of-Resposibility", "src\Chain-of-Resposibility\Chain-of-Resposibility.vcxproj", "{E02EECF7-AAA6-404B-BFEE-DABFF095E791}"
EndProject
Global
	GlobalSection(SolutionConfigurationPlatforms) = preSolution
		Debug|x64 = Debug|x64
		Debug|x86 = Debug|x86
		Release|x64 = Release|x64
		Release|x86 = Release|x86
	EndGlobalSection
	GlobalSection(ProjectConfigurationPlatforms) = postSolution
		{E61A80D4-7483-4291-A3B4-791FEBF478A3}.Debug|x64.ActiveCfg = Debug|x64
		{E61A80D4-7483-4291-A3B4-791FEBF478A3}.Debug|x64.Build.0 = Debug|x64
		{E61A80D4-7483-4291-A3B4-791FEBF478A3}.Debug|x86.ActiveCfg = Debug|Win32
		{E61A80D4-7483-4291-A3B4-791FEBF478A3}.Debug|x86.Build.0 = Debug|Win32
		{E61A80D4-7483-4291-A3B4-791FEBF478A3}.Release|x64.ActiveCfg = Release|x64
		{E61A80D4-7483-4291-A3B4-791FEBF478A3}.Release|x64.Build.0 = Release|x64
		{E61A80D4-7483-4291-A3B4-791FEBF478A3}.Release|x86.ActiveCfg = Release|Win32
		{E61A80D4-7483-4291-A3B4-791FEBF478A3}.Release|x86.Build.0 = Release|Win32
		{CE65AFE0-DBE7-4009-9847-4F73366E199F}.Debug|x64.ActiveCfg = Debug|x64
		{CE65AFE0-DBE7-4009-9847-4F73366E199F}.Debug|x64.Build.0 = Debug|x64
		{CE65AFE0-DBE7-4009-9847-4F73366E199F}.Debug|x86.ActiveCfg = Debug|Win32
		{CE65AFE0-DBE7-4009-9847-4F73366E199F}.Debug|x86.Build.0 = Debug|Win32
		{CE65AFE0-DBE7-4009-9847-4F73366E199F}.Release|x64.ActiveCfg = Release|x64
		{CE65AFE0-DBE7-4009-9847-4F73366E199F}.Release|x64.Build.0 = Release|x64
		{CE65AFE0-DBE7-4009-9847-4F73366E199F}.Release|x86.ActiveCfg = Release|Win32
		{CE65AFE0-DBE7-4009-9847-4F73366E199F}.Release|x86.Build.0 = Release|Win32
		{4053EFF4-D888-4F97-84EE-CA3A64893C57}.Debug|x64.ActiveCfg = Debug|x64
		{4053EFF4-D888-4F97-84EE-CA3A64893C57}.Debug|x64.Build.0 = Debug|x64
		{4053EFF4-D888-4F97-84EE-CA3A64893C57}.Debug|x86.ActiveCfg = Debug|Win32
		{4053EFF4-D888-4F97-84EE-CA3A64893C57}.Debug|x86.Build.0 = Debug|Win32
		{4053EFF4-D888-4F97-84EE-CA3A64893C57}.Release|x64.ActiveCfg = Release|x64
		{4053EFF4-D888-4F97-84EE-CA3A64893C57}.Release|x64.Build.0 = Release|x64
		{4053EFF4-D888-4F97-84EE-CA3A64893C57}.Release|x86.ActiveCfg = Release|Win32
		{4053EFF4-D888-4F97-84EE-CA3A64893C57}.Release|x86.Build.0 = Release|Win32
		{8485811C-18AB-4958-AD06-6E89399102B4}.Debug|x64.ActiveCfg = Debug|x64
		{8485811C-18AB-4958-AD06-6E89399102B4}.Debug|x64.Build.0 = Debug|x64
		{8485811C-18AB-4958-AD06-6E89399102B4}.Debug|x86.ActiveCfg = Debug|Win32
		{8485811C-18AB-4958-AD06-6E89399102B4}.Debug|x86.Build.0 = Debug|Win32
		{8485811C-18AB-4958-AD06-6E89399102B4}.Release|x64.ActiveCfg = Release|x64
		{8485811C-18AB-4958-AD06-6E89399102B4}.Release|x64.Build.0 = Release|x64
		{8485811C-18AB-4958-AD06-6E89399102B4}.Release|x86.ActiveCfg = Release|Win32
		{8485811C-18AB-4958-AD06-6E89399102B4}.Release|x86.Build.0 = Release|Win32
		{7976EF80-884C-4EE9-9901-B3B16C7EF34B}.Debug|x64.ActiveCfg = Debug|x64
		{7976EF80-884C-4EE9-9901-B3B16C7EF34B}.Debug|x64.Build.0 = Debug|x64
		{7976EF80-884C-4EE9-9901-B3B16C7EF34B}.Debug|x86.ActiveCfg = Debug|Win32
		{7976EF80-884C-4EE9-9901-B3B16C7EF34B}.Debug|x86.Build.0 = Debug|Win32
		{7976EF80-884C-4EE9-9901-B3B16C7EF34B}.Release|x64.ActiveCfg = Release|x64
		{7976EF80-884C-4EE9-9901-B3B16C7EF34B}.Release|x64.Build.0 = Release|x64
		{7976EF80-884C-4EE9-9901-B3B16C7EF34B}.Release|x86.ActiveCfg = Release|Win32
		{7976EF80-884C-4EE9-9901-B3B16C7EF34B}.Release|x86.Build.0 = Release|Win32
		{C0BB8A22-B2C5-4821-BDF6-0A168921F671}.Debug|x64.ActiveCfg = Debug|x64
		{C0BB8A22-B2C5-4821-BDF6-0A168921F671}.Debug|x64.Build.0 = Debug|x64
		{C0BB8A22-B2C5-4821-BDF6-0A168921F671}.Debug|x86.ActiveCfg = Debug|Win32
		{C0BB8A22-B2C5-4821-BDF6-0A168921F671}.Debug|x86.Build.0 = Debug|Win32
		{C0BB8A22-B2C5-4821-BDF6-0A168921F671}.Release|x64.ActiveCfg = Release|x64
		{C0BB8A22-B2C5-4821-BDF6-0A168921F671}.Release|x64.Build.0 = Release|x64
		{C0BB8A22-B2C5-4821-BDF6-0A168921F671}.Release|x86.ActiveCfg = Release|Win32
		{C0BB8A22-B2C5-4821-BDF6-0A168921F671}.Release|x86.Build.0 = Release|Win32
		{CB645C63-C43F-46AE-822A-61AF6074F60B}.Debug|x64.ActiveCfg = Debug|x64
		{CB645C63-C43F-46AE-822A-61AF6074F60B}.Debug|x64.Build.0 = Debug|x64
		{CB645C63-C43F-46AE-822A-61AF6074F60B}.Debug|x86.ActiveCfg = Debug|Win32
		{CB645C63-C43F-46AE-822A-61AF6074F60B}.Debug|x86.Build.0 = Debug|Win32
		{CB645C63-C43F-46AE-822A-61AF6074F60B}.Release|x64.ActiveCfg = Release|x64
		{CB645C63-C43F-46AE-822A-61AF6074F60B}.Release|x64.Build.0 = Release|x64
		{CB645C63-C43F-46AE-822A-61AF6074F60B}.Release|x86.ActiveCfg = Release|Win32
		{CB645C63-C43F-46AE-822A-61AF6074F60B}.Release|x86.Build.0 = Release|Win32
		{6529A793-AF3F-4B4E-A604-0DCA1ACB48AF}.Debug|x64.ActiveCfg = Debug|x64
		{6529A793-AF3F-4B4E-A604-0DCA1ACB48AF}.Debug|x64.Build.0 = Debug|x64
		{6529A793-AF3F-4B4E-A604-0DCA1ACB48AF}.Debug|x86.ActiveCfg = Debug|Win32
		{6529A793-AF3F-4B4E-A604-0DCA1ACB48AF}.Debug|x86.Build.0 = Debug|Win32
		{6529A793-AF3F-4B4E-A604-0DCA1ACB48AF}.Release|x64.ActiveCfg = Release|x64
		{6529A793-AF3F-4B4E-A604-0DCA1ACB48AF}.Release|x64.Build.0 = Release|x64
		{6529A793-AF3F-4B4E-A604-0DCA1ACB48AF}.Release|x86.ActiveCfg = Release|Win32
		{6529A793-AF3F-4B4E-A604-0DCA1ACB48AF}.Release|x86.Build.0 = Release|Win32
		{BE63CB65-F374-45A5-9A82-91C41E34D64D}.Debug|x64.ActiveCfg = Debug|x64
		{BE63CB65-F374-45A5-9A82-91C41E34D64D}.Debug|x64.Build.0 = Debug|x64
		{BE63CB65-F374-45A5-9A82-91C41E34D64D}.Debug|x86.ActiveCfg = Debug|Win32
		{BE63CB65-F374-45A5-9A82-91C41E34D64D}.Debug|x86.Build.0 = Debug|Win32
		{BE63CB65-F374-45A5-9A82-91C41E34D64D}.Release|x64.ActiveCfg = Release|x64
		{BE63CB65-F374-45A5-9A82-91C41E34D64D}.Release|x64.Build.0 = Release|x64
		{BE63CB65-F374-45A5-9A82-91C41E34D64D}.Release|x86.ActiveCfg = Release|Win32
		{BE63CB65-F374-45A5-9A82-91C41E34D64D}.Release|x86.Build.0 = Release|Win32
		{38B18DB0-AE72-424D-A42E-11F255663A86}.Debug|x64.ActiveCfg = Debug|x64
		{38B18DB0-AE72-424D-A42E-11F255663A86}.Debug|x64.Build.0 = Debug|x64
		{38B18DB0-AE72-424D-A42E-11F255663A86}.Debug|x86.ActiveCfg = Debug|Win32
		{38B18DB0-AE72-424D-A42E-11F255663A86}.Debug|x86.Build.0 = Debug|Win32
		{38B18DB0-AE72-424D-A42E-11F255663A86}.Release|x64.ActiveCfg = Release|x64
		{38B18DB0-AE72-424D-A42E-11F255663A86}.Release|x64.Build.0 = Release|x64
		{38B18DB0-AE72-424D-A42E-11F255663A86}.Release|x86.ActiveCfg = Release|Win32
		{38B18DB0-AE72-424D-A42E-11F255663A86}.Release|x86.Build.0 = Release|Win32
		{C1BFED27-F784-48DE-9507-FE18F69EB2DB}.Debug|x64.ActiveCfg = Debug|x64
		{C1BFED27-F784-48DE-9507-FE18F69EB2DB}.Debug|x64.Build.0 = Debug|x64
		{C1BFED27-F784-48DE-9507-FE18F69EB2DB}.Debug|x86.ActiveCfg = Debug|Win32
		{C1BFED27-F784-48DE-9507-FE18F69EB2DB}.Debug|x86.Build.0 = Debug|Win32
		{C1BFED27-F784-48DE-9507-FE18F69EB2DB}.Release|x64.ActiveCfg = Release|x64
		{C1BFED27-F784-48DE-9507-FE18F69EB2DB}.Release|x64.Build.0 = Release|x64
		{C1BFED27-F784-48DE-9507-FE18F69EB2DB}.Release|x86.ActiveCfg = Release|Win32
		{C1BFED27-F784-48DE-9507-FE18F69EB2DB}.Release|x86.Build.0 = Release|Win32
		{CF64E680-A1AE-4ECC-9E4C-3BA4883E82BB}.Debug|x64.ActiveCfg = Debug|x64
		{CF64E680-A1AE-4ECC-9E4C-3BA4883E82BB}.Debug|x64.Build.0 = Debug|x64
		{CF64E680-A1AE-4ECC-9E4C-3BA4883E82BB}.Debug|x86.ActiveCfg = Debug|Win32
		{CF64E680-A1AE-4ECC-9E4C-3BA4883E82BB}.Debug|x86.Build.0 = Debug|Win32
		{CF64E680-A1AE-4ECC-9E4C-3BA4883E82BB}.Release|x64.ActiveCfg = Release|x64
		{CF64E680-A1AE-4ECC-9E4C-3BA4883E82BB}.Release|x64.Build.0 = Release|x64
		{CF64E680-A1AE-4ECC-9E4C-3BA4883E82BB}.Release|x86.ActiveCfg = Release|Win32
		{CF64E680-A1AE-4ECC-9E4C-3BA4883E82BB}.Release|x86.Build.0 = Release|Win32
		{26E1A1F9-74CD-4CD0-B89E-D153A8BD5BEE}.Debug|x64.ActiveCfg = Debug|x64
		{26E1A1F9-74CD-4CD0-B89E-D153A8BD5BEE}.Debug|x64.Build.0 = Debug|x64
		{26E1A1F9-74CD-4CD0-B89E-D153A8BD5BEE}.Debug|x86.ActiveCfg = Debug|Win32
		{26E1A1F9-74CD-4CD0-B89E-D153A8BD5BEE}.Debug|x86.Build.0 = Debug|Win32
		{26E1A1F9-74CD-4CD0-B89E-D153A8BD5BEE}.Release|x64.ActiveCfg = Release|x64
		{26E1A1F9-74CD-4CD0-B89E-D153A8BD5BEE}.Release|x64.Build.0 = Release|x64
		{26E1A1F9-74CD-4CD0-B89E-D153A8BD5BEE}.Release|x86.ActiveCfg = Release|Win32
		{26E1A1F9-74CD-4CD0-B89E-D153A8BD5BEE}.Release|x86.Build.0 = Release|Win32
		{51F52C89-A7E5-436A-87BB-D22C6B6DC22D}.Debug|x64.ActiveCfg = Debug|x64
		{51F52C89-A7E5-436A-87BB-D22C6B6DC22D}.Debug|x64.Build.0 = Debug|x64
		{51F52C89-A7E5-436A-87BB-D22C6B6DC22D}.Debug|x86.ActiveCfg = Debug|Win32
		{51F52C89-A7E5-436A-87BB-D22C6B6DC22D}.Debug|x86.Build.0 = Debug|Win32
		{51F52C89-A7E5-436A-87BB-D22C6B6DC22D}.Release|x64.ActiveCfg = Release|x64
		{51F52C89-A7E5-436A-87BB-D22C6B6DC22D}.Release|x64.Build.0 = Release|x64
		{51F52C89-A7E5-436A-87BB-D22C6B6DC22D}.Release|x86.ActiveCfg = Release|Win32
		{51F52C89-A7E5-436A-87BB-D22C6B6DC22D}.Release|x86.Build.0 = Release|Win32
		{C89B3ACD-8350-4E50-88B3-CCE27EF5A4D3}.Debug|x64.ActiveCfg = Debug|x64
		{C89B3ACD-8350-4E50-88B3-CCE27EF5A4D3}.Debug|x64.Build.0 = Debug|x64
		{C89B3ACD-8350-4E50-88B3-CCE27EF5A4D3}.Debug|x86.ActiveCfg = Debug|Win32
		{C89B3ACD-8350-4E50-88B3-CCE27EF5A4D3}.Debug|x86.Build.0 = Debug|Win32
		{C89B3ACD-8350-4E50-88B3-CCE27EF5A4D3}.Release|x64.ActiveCfg = Release|x64
		{C89B3ACD-8350-4E50-88B3-CCE27EF5A4D3}.Release|x64.Build.0 = Release|x64
		{C89B3ACD-8350-4E50-88B3-CCE27EF5A4D3}.Release|x86.ActiveCfg = Release|Win32
		{C89B3ACD-8350-4E50-88B3-CCE27EF5A4D3}.Release|x86.Build.0 = Release|Win32
		{B5314E94-5930-45D8-A523-C8914D08678F}.Debug|x64.ActiveCfg = Debug|x64
		{B5314E94-5930-45D8-A523-C8914D08678F}.Debug|x64.Build.0 = Debug|x64
		{B5314E94-5930-45D8-A523-C8914D08678F}.Debug|x86.ActiveCfg = Debug|Win32
		{B5314E94-5930-45D8-A523-C8914D08678F}.Debug|x86.Build.0 = Debug|Win32
		{B5314E94-5930-45D8-A523-C8914D08678F}.Release|x64.ActiveCfg = Release|x64
		{B5314E94-5930-45D8-A523-C8914D08678F}.Release|x64.Build.0 = Release|x64
		{B5314E94-5930-45D8-A523-C8914D08678F}.Release|x86.ActiveCfg = Release|Win32
		{B5314E94-5930-45D8-A523-C8914D08678F}.Release|x86.Build.0 = Release|Win32
		{DDC7BBDB-019E-458D-A54D-E4FDE1BE340E}.Debug|x64.ActiveCfg = Debug|x64
		{DDC7BBDB-019E-458D-A54D-E4FDE1BE340E}.Debug|x64.Build.0 = Debug|x64
		{DDC7BBDB-019E-458D-A54D-E4FDE1BE340E}.Debug|x86.ActiveCfg = Debug|Win32
		{DDC7BBDB-019E-458D-A54D-E4FDE1BE340E}.Debug|x86.Build.0 = Debug|Win32
		{DDC7BBDB-019E-458D-A54D-E4FDE1BE340E}.Release|x64.ActiveCfg = Release|x64
		{DDC7BBDB-019E-458D-A54D-E4FDE1BE340E}.Release|x64.Build.0 = Release|x64
		{DDC7BBDB-019E-458D-A54D-E4FDE1BE340E}.Release|x86.ActiveCfg = Release|Win32
		{DDC7BBDB-019E-458D-A54D-E4FDE1BE340E}.Release|x86.Build.0 = Release|Win32
		{266FDCD1-D3AB-46A8-B4B0-590FA0774FC3}.Debug|x64.ActiveCfg = Debug|x64
		{266FDCD1-D3AB-46A8-B4B0-590FA0774FC3}.Debug|x64.Build.0 = Debug|x64
		{266FDCD1-D3AB-46A8-B4B0-590FA0774FC3}.Debug|x86.ActiveCfg = Debug|Win32
		{266FDCD1-D3AB-46A8-B4B0-590FA0774FC3}.Debug|x86.Build.0 = Debug|Win32
		{266FDCD1-D3AB-46A8-B4B0-590FA0774FC3}.Release|x64.ActiveCfg = Release|x64
		{266FDCD1-D3AB-46A8-B4B0-590FA0774FC3}.Release|x64.Build.0 = Release|x64
		{266FDCD1-D3AB-46A8-B4B0-590FA0774FC3}.Release|x86.ActiveCfg = Release|Win32
		{266FDCD1-D3AB-46A8-B4B0-590FA0774FC3}.Release|x86.Build.0 = Release|Win32
		{D8BD397D-AC3B-4E7C-A4B0-E76FB31F7E6B}.Debug|x64.ActiveCfg = Debug|x64
		{D8BD397D-AC3B-4E7C-A4B0-E76FB31F7E6B}.Debug|x64.Build.0 = Debug|x64
		{D8BD397D-AC3B-4E7C-A4B0-E76FB31F7E6B}.Debug|x86.ActiveCfg = Debug|Win32
		{D8BD397D-AC3B-4E7C-A4B0-E76FB31F7E6B}.Debug|x86.Build.0 = Debug|Win32
		{D8BD397D-AC3B-4E7C-A4B0-E76FB31F7E6B}.Release|x64.ActiveCfg = Release|x64
		{D8BD397D-AC3B-4E7C-A4B0-E76FB31F7E6B}.Release|x64.Build.0 = Release|x64
		{D8BD397D-AC3B-4E7C-A4B0-E76FB31F7E6B}.Release|x86.ActiveCfg = Release|Win32
		{D8BD397D-AC3B-4E7C-A4B0-E76FB31F7E6B}.Release|x86.Build.0 = Release|Win32
		{FE89DA28-F613-437C-8E18-D5E116262D25}.Debug|x64.ActiveCfg = Debug|x64
		{FE89DA28-F613-437C-8E18-D5E116262D25}.Debug|x64.Build.0 = Debug|x64
		{FE89DA28-F613-437C-8E18-D5E116262D25}.Debug|x86.ActiveCfg = Debug|Win32
		{FE89DA28-F613-437C-8E18-D5E116262D25}.Debug|x86.Build.0 = Debug|Win32
		{FE89DA28-F613-437C-8E18-D5E116262D25}.Release|x64.ActiveCfg = Release|x64
		{FE89DA28-F613-437C-8E18-D5E116262D25}.Release|x64.Build.0 = Release|x64
		{FE89DA28-F613-437C-8E18-D5E116262D25}.Release|x86.ActiveCfg = Release|Win32
		{FE89DA28-F613-437C-8E18-D5E116262D25}.Release|x86.Build.0 = Release|Win32
		{43404D27-6375-4A3B-935E-BB6EFEF6E836}.Debug|x64.ActiveCfg = Debug|x64
		{43404D27-6375-4A3B-935E-BB6EFEF6E836}.Debug|x64.Build.0 = Debug|x64
		{43404D27-6375-4A3B-935E-BB6EFEF6E836}.Debug|x86.ActiveCfg = Debug|Win32
		{43404D27-6375-4A3B-935E-BB6EFEF6E836}.Debug|x86.Build.0 = Debug|Win32
		{43404D27-6375-4A3B-935E-BB6EFEF6E836}.Release|x64.ActiveCfg = Release|x64
		{43404D27-6375-4A3B-935E-BB6EFEF6E836}.Release|x64.Build.0 = Release|x64
		{43404D27-6375-4A3B-935E-BB6EFEF6E836}.Release|x86.ActiveCfg = Release|Win32
		{43404D27-6375-4A3B-935E-BB6EFEF6E836}.Release|x86.Build.0 = Release|Win32
		{A1AD8183-C510-4C7F-8017-DE310D3C1CBB}.Debug|x64.ActiveCfg = Debug|x64
		{A1AD8183-C510-4C7F-8017-DE310D3C1CBB}.Debug|x64.Build.0 = Debug|x64
		{A1AD8183-C510-4C7F-8017-DE310D3C1CBB}.Debug|x86.ActiveCfg = Debug|Win32
		{A1AD8183-C510-4C7F-8017-DE310D3C1CBB}.Debug|x86.Build.0 = Debug|Win32
		{A1AD8183-C510-4C7F-8017-DE310D3C1CBB}.Release|x64.ActiveCfg = Release|x64
		{A1AD8183-C510-4C7F-8017-DE310D3C1CBB}.Release|x64.Build.0 = Release|x64
		{A1AD8183-C510-4C7F-8017-DE310D3C1CBB}.Release|x86.ActiveCfg = Release|Win32
		{A1AD8183-C510-4C7F-8017-DE310D3C1CBB}.Release|x86.Build.0 = Release|Win32
		{E02EECF7-AAA6-404B-BFEE-DABFF095E791}.Debug|x64.ActiveCfg = Debug|x64
		{E02EECF7-AAA6-404B-BFEE-DABFF095E791}.Debug|x64.Build.0 = Debug|x64
		{E02EECF7-AAA6-404B-BFEE-DABFF095E791}.Debug|x86.ActiveCfg = Debug|Win32
		{E02EECF7-AAA6-404B-BFEE-DABFF095E791}.Debug|x86.Build.0 = Debug|Win32
		{E02EECF7-AAA6-404B-BFEE-DABFF095E791}.Release|x64.ActiveCfg = Release|x64
		{E02EECF7-AAA6-404B-BFEE-DABFF095E791}.Release|x64.Build.0 = Release|x64
		{E02EECF7-AAA6-404B-BFEE-DABFF095E791}.Release|x86.ActiveCfg = Release|Win32
		{E02EECF7-AAA6-404B-BFEE-DABFF095E791}.Release|x86.Build.0 = Release|Win32
	EndGlobalSection
	GlobalSection(SolutionProperties) = preSolution
		HideSolutionNode = FALSE
	EndGlobalSection
	GlobalSection(NestedProjects) = preSolution
		{E61A80D4-7483-4291-A3B4-791FEBF478A3} = {70C179DA-DC02-4A0F-881B-87D7FDC0083A}
		{CE65AFE0-DBE7-4009-9847-4F73366E199F} = {70C179DA-DC02-4A0F-881B-87D7FDC0083A}
		{4053EFF4-D888-4F97-84EE-CA3A64893C57} = {70C179DA-DC02-4A0F-881B-87D7FDC0083A}
		{8485811C-18AB-4958-AD06-6E89399102B4} = {70C179DA-DC02-4A0F-881B-87D7FDC0083A}
		{7976EF80-884C-4EE9-9901-B3B16C7EF34B} = {70C179DA-DC02-4A0F-881B-87D7FDC0083A}
		{C0BB8A22-B2C5-4821-BDF6-0A168921F671} = {FCB15D23-F423-46BB-95EF-25D11DE2D75C}
		{CB645C63-C43F-46AE-822A-61AF6074F60B} = {FCB15D23-F423-46BB-95EF-25D11DE2D75C}
		{6529A793-AF3F-4B4E-A604-0DCA1ACB48AF} = {FCB15D23-F423-46BB-95EF-25D11DE2D75C}
		{BE63CB65-F374-45A5-9A82-91C41E34D64D} = {FCB15D23-F423-46BB-95EF-25D11DE2D75C}
		{38B18DB0-AE72-424D-A42E-11F255663A86} = {FCB15D23-F423-46BB-95EF-25D11DE2D75C}
		{C1BFED27-F784-48DE-9507-FE18F69EB2DB} = {FCB15D23-F423-46BB-95EF-25D11DE2D75C}
		{CF64E680-A1AE-4ECC-9E4C-3BA4883E82BB} = {FCB15D23-F423-46BB-95EF-25D11DE2D75C}
		{26E1A1F9-74CD-4CD0-B89E-D153A8BD5BEE} = {5C68E1E4-3C36-4DDE-87FD-568D915700BC}
		{51F52C89-A7E5-436A-87BB-D22C6B6DC22D} = {5C68E1E4-3C36-4DDE-87FD-568D915700BC}
		{C89B3ACD-8350-4E50-88B3-CCE27EF5A4D3} = {5C68E1E4-3C36-4DDE-87FD-568D915700BC}
		{B5314E94-5930-45D8-A523-C8914D08678F} = {5C68E1E4-3C36-4DDE-87FD-568D915700BC}
		{DDC7BBDB-019E-458D-A54D-E4FDE1BE340E} = {5C68E1E4-3C36-4DDE-87FD-568D915700BC}
		{266FDCD1-D3AB-46A8-B4B0-590FA0774FC3} = {5C68E1E4-3C36-4DDE-87FD-568D915700BC}
		{D8BD397D-AC3B-4E7C-A4B0-E76FB31F7E6B} = {5C68E1E4-3C36-4DDE-87FD-568D915700BC}
		{FE89DA28-F613-437C-8E18-D5E116262D25} = {5C68E1E4-3C36-4DDE-87FD-568D915700BC}
		{43404D27-6375-4A3B-935E-BB6EFEF6E836} = {5C68E1E4-3C36-4DDE-87FD-568D915700BC}
		{A1AD8183-C510-4C7F-8017-DE310D3C1CBB} = {5C68E1E4-3C36-4DDE-87FD-568D915700BC}
		{E02EECF7-AAA6-404B-BFEE-DABFF095E791} = {5C68E1E4-3C36-4DDE-87FD-568D915700BC}
	EndGlobalSection
EndGlobal
